{
  "name": "testpackage",
  "version": "1.0.0",
  "lockfileVersion": 3,
  "requires": true,
  "packages": {
    "": {
      "name": "testpackage",
      "version": "1.0.0",
      "license": "ISC",
      "dependencies": {
        "data-validation-library": "^1.0.0"
      }
    },
    "node_modules/data-validation-library": {
      "version": "1.0.0",
      "resolved": "https://registry.npmjs.org/data-validation-library/-/data-validation-library-1.0.0.tgz",
      "integrity": "sha512-2BapFjyOHmavGUj+ntGnqFNy6EUy0NAWBlExnJz06q0mng6EA8JHEAkWMtRbXLAN2SGK15cuJCTeKvIiqQK0kA=="
    }
  }
}
